
Microsoft Visual Studio Solution File, Format Version 12.00
# Visual Studio Version 17
VisualStudioVersion = 17.1.32407.343
MinimumVisualStudioVersion = 10.0.40219.1
Project("{FAE04EC0-301F-11D3-BF4B-00C04F79EFBC}") = "TestNinJa", "TestNinJa.csproj", "{863245FA-67C4-4E14-8CC3-608B58996046}"
EndProject
Project("{FAE04EC0-301F-11D3-BF4B-00C04F79EFBC}") = "TestNinjia.UnitTests", "..\TestNinjia.UnitTests\TestNinjia.UnitTests.csproj", "{6A67E480-06AA-412B-A73B-870163F559F4}"
EndProject
Global
	GlobalSection(SolutionConfigurationPlatforms) = preSolution
		Debug|Any CPU = Debug|Any CPU
		Release|Any CPU = Release|Any CPU
	EndGlobalSection
	GlobalSection(ProjectConfigurationPlatforms) = postSolution
		{863245FA-67C4-4E14-8CC3-608B58996046}.Debug|Any CPU.ActiveCfg = Debug|Any CPU
		{863245FA-67C4-4E14-8CC3-608B58996046}.Debug|Any CPU.Build.0 = Debug|Any CPU
		{863245FA-67C4-4E14-8CC3-608B58996046}.Release|Any CPU.ActiveCfg = Release|Any CPU
		{863245FA-67C4-4E14-8CC3-608B58996046}.Release|Any CPU.Build.0 = Release|Any CPU
		{6A67E480-06AA-412B-A73B-870163F559F4}.Debug|Any CPU.ActiveCfg = Debug|Any CPU
		{6A67E480-06AA-412B-A73B-870163F559F4}.Debug|Any CPU.Build.0 = Debug|Any CPU
		{6A67E480-06AA-412B-A73B-870163F559F4}.Release|Any CPU.ActiveCfg = Release|Any CPU
		{6A67E480-06AA-412B-A73B-870163F559F4}.Release|Any CPU.Build.0 = Release|Any CPU
	EndGlobalSection
	GlobalSection(SolutionProperties) = preSolution
		HideSolutionNode = FALSE
	EndGlobalSection
	GlobalSection(ExtensibilityGlobals) = postSolution
		SolutionGuid = {76BEAF3F-2E23-4516-B661-C04E1639BFF9}
	EndGlobalSection
EndGlobal
